{
  "object": {
    "pins": [
      {
        "package": "Mew",
        "repositoryURL": "https://github.com/tomoki69386/Mew",
        "state": {
          "branch": null,
          "revision": "a63eefd9a767f8e4dda80fbfa453ab590a706b26",
          "version": "0.4.0"
        }
      },
      {
        "package": "RxSwift",
        "repositoryURL": "https://github.com/ReactiveX/RxSwift",
        "state": {
          "branch": null,
          "revision": "002d325b0bdee94e7882e1114af5ff4fe1e96afa",
          "version": "5.1.1"
        }
      }
    ]
  },
  "version": 1
}
